// !$*UTF8*$!
{
	archiveVersion = 1;
	classes = {
	};
	objectVersion = 56;
	objects = {

/* Begin PBXBuildFile section */
		96CF6B8E2A557A110059F490 /* Combine_iOSApp.swift in Sources */ = {isa = PBXBuildFile; fileRef = 96CF6B8D2A557A110059F490 /* Combine_iOSApp.swift */; };
		96CF6B902A557A110059F490 /* ContentView.swift in Sources */ = {isa = PBXBuildFile; fileRef = 96CF6B8F2A557A110059F490 /* ContentView.swift */; };
		96CF6B922A557A120059F490 /* Assets.xcassets in Resources */ = {isa = PBXBuildFile; fileRef = 96CF6B912A557A120059F490 /* Assets.xcassets */; };
		96CF6B952A557A120059F490 /* Preview Assets.xcassets in Resources */ = {isa = PBXBuildFile; fileRef = 96CF6B942A557A120059F490 /* Preview Assets.xcassets */; };
		96CF6B9F2A557A120059F490 /* Combine_iOSTests.swift in Sources */ = {isa = PBXBuildFile; fileRef = 96CF6B9E2A557A120059F490 /* Combine_iOSTests.swift */; };
		96CF6BA92A557A120059F490 /* Combine_iOSUITests.swift in Sources */ = {isa = PBXBuildFile; fileRef = 96CF6BA82A557A120059F490 /* Combine_iOSUITests.swift */; };
		96CF6BAB2A557A120059F490 /* Combine_iOSUITestsLaunchTests.swift in Sources */ = {isa = PBXBuildFile; fileRef = 96CF6BAA2A557A120059F490 /* Combine_iOSUITestsLaunchTests.swift */; };
		96CF6BB92A557A460059F490 /* Model.swift in Sources */ = {isa = PBXBuildFile; fileRef = 96CF6BB82A557A460059F490 /* Model.swift */; };
		96CF6BBC2A557B890059F490 /* ViewModel.swift in Sources */ = {isa = PBXBuildFile; fileRef = 96CF6BBB2A557B890059F490 /* ViewModel.swift */; };
		96CF6BBF2A5580100059F490 /* ArtworkView.swift in Sources */ = {isa = PBXBuildFile; fileRef = 96CF6BBE2A5580100059F490 /* ArtworkView.swift */; };
		96CF6BC12A5580FF0059F490 /* ArtworkDetailView.swift in Sources */ = {isa = PBXBuildFile; fileRef = 96CF6BC02A5580FF0059F490 /* ArtworkDetailView.swift */; };
/* End PBXBuildFile section */

/* Begin PBXContainerItemProxy section */
		96CF6B9B2A557A120059F490 /* PBXContainerItemProxy */ = {
			isa = PBXContainerItemProxy;
			containerPortal = 96CF6B822A557A110059F490 /* Project object */;
			proxyType = 1;
			remoteGlobalIDString = 96CF6B892A557A110059F490;
			remoteInfo = Combine_iOS;
		};
		96CF6BA52A557A120059F490 /* PBXContainerItemProxy */ = {
			isa = PBXContainerItemProxy;
			containerPortal = 96CF6B822A557A110059F490 /* Project object */;
			proxyType = 1;
			remoteGlobalIDString = 96CF6B892A557A110059F490;
			remoteInfo = Combine_iOS;
		};
/* End PBXContainerItemProxy section */

/* Begin PBXFileReference section */
		96CF6B8A2A557A110059F490 /* Combine_iOS.app */ = {isa = PBXFileReference; explicitFileType = wrapper.application; includeInIndex = 0; path = Combine_iOS.app; sourceTree = BUILT_PRODUCTS_DIR; };
		96CF6B8D2A557A110059F490 /* Combine_iOSApp.swift */ = {isa = PBXFileReference; lastKnownFileType = sourcecode.swift; path = Combine_iOSApp.swift; sourceTree = "<group>"; };
		96CF6B8F2A557A110059F490 /* ContentView.swift */ = {isa = PBXFileReference; lastKnownFileType = sourcecode.swift; path = ContentView.swift; sourceTree = "<group>"; };
		96CF6B912A557A120059F490 /* Assets.xcassets */ = {isa = PBXFileReference; lastKnownFileType = folder.assetcatalog; path = Assets.xcassets; sourceTree = "<group>"; };
		96CF6B942A557A120059F490 /* Preview Assets.xcassets */ = {isa = PBXFileReference; lastKnownFileType = folder.assetcatalog; path = "Preview Assets.xcassets"; sourceTree = "<group>"; };
		96CF6B9A2A557A120059F490 /* Combine_iOSTests.xctest */ = {isa = PBXFileReference; explicitFileType = wrapper.cfbundle; includeInIndex = 0; path = Combine_iOSTests.xctest; sourceTree = BUILT_PRODUCTS_DIR; };
		96CF6B9E2A557A120059F490 /* Combine_iOSTests.swift */ = {isa = PBXFileReference; lastKnownFileType = sourcecode.swift; path = Combine_iOSTests.swift; sourceTree = "<group>"; };
		96CF6BA42A557A120059F490 /* Combine_iOSUITests.xctest */ = {isa = PBXFileReference; explicitFileType = wrapper.cfbundle; includeInIndex = 0; path = Combine_iOSUITests.xctest; sourceTree = BUILT_PRODUCTS_DIR; };
		96CF6BA82A557A120059F490 /* Combine_iOSUITests.swift */ = {isa = PBXFileReference; lastKnownFileType = sourcecode.swift; path = Combine_iOSUITests.swift; sourceTree = "<group>"; };
		96CF6BAA2A557A120059F490 /* Combine_iOSUITestsLaunchTests.swift */ = {isa = PBXFileReference; lastKnownFileType = sourcecode.swift; path = Combine_iOSUITestsLaunchTests.swift; sourceTree = "<group>"; };
		96CF6BB82A557A460059F490 /* Model.swift */ = {isa = PBXFileReference; lastKnownFileType = sourcecode.swift; path = Model.swift; sourceTree = "<group>"; };
		96CF6BBB2A557B890059F490 /* ViewModel.swift */ = {isa = PBXFileReference; lastKnownFileType = sourcecode.swift; path = ViewModel.swift; sourceTree = "<group>"; };
		96CF6BBE2A5580100059F490 /* ArtworkView.swift */ = {isa = PBXFileReference; lastKnownFileType = sourcecode.swift; path = ArtworkView.swift; sourceTree = "<group>"; };
		96CF6BC02A5580FF0059F490 /* ArtworkDetailView.swift */ = {isa = PBXFileReference; lastKnownFileType = sourcecode.swift; path = ArtworkDetailView.swift; sourceTree = "<group>"; };
/* End PBXFileReference section */

/* Begin PBXFrameworksBuildPhase section */
		96CF6B872A557A110059F490 /* Frameworks */ = {
			isa = PBXFrameworksBuildPhase;
			buildActionMask = 2147483647;
			files = (
			);
			runOnlyForDeploymentPostprocessing = 0;
		};
		96CF6B972A557A120059F490 /* Frameworks */ = {
			isa = PBXFrameworksBuildPhase;
			buildActionMask = 2147483647;
			files = (
			);
			runOnlyForDeploymentPostprocessing = 0;
		};
		96CF6BA12A557A120059F490 /* Frameworks */ = {
			isa = PBXFrameworksBuildPhase;
			buildActionMask = 2147483647;
			files = (
			);
			runOnlyForDeploymentPostprocessing = 0;
		};
/* End PBXFrameworksBuildPhase section */

/* Begin PBXGroup section */
		96CF6B812A557A110059F490 = {
			isa = PBXGroup;
			children = (
				96CF6B8C2A557A110059F490 /* Combine_iOS */,
				96CF6B9D2A557A120059F490 /* Combine_iOSTests */,
				96CF6BA72A557A120059F490 /* Combine_iOSUITests */,
				96CF6B8B2A557A110059F490 /* Products */,
			);
			sourceTree = "<group>";
		};
		96CF6B8B2A557A110059F490 /* Products */ = {
			isa = PBXGroup;
			children = (
				96CF6B8A2A557A110059F490 /* Combine_iOS.app */,
				96CF6B9A2A557A120059F490 /* Combine_iOSTests.xctest */,
				96CF6BA42A557A120059F490 /* Combine_iOSUITests.xctest */,
			);
			name = Products;
			sourceTree = "<group>";
		};
		96CF6B8C2A557A110059F490 /* Combine_iOS */ = {
			isa = PBXGroup;
			children = (
				96CF6BBD2A557FF90059F490 /* Views */,
				96CF6BBA2A557B780059F490 /* ViewModel */,
				96CF6BB72A557A290059F490 /* Model */,
				96CF6B8D2A557A110059F490 /* Combine_iOSApp.swift */,
				96CF6B912A557A120059F490 /* Assets.xcassets */,
				96CF6B932A557A120059F490 /* Preview Content */,
			);
			path = Combine_iOS;
			sourceTree = "<group>";
		};
		96CF6B932A557A120059F490 /* Preview Content */ = {
			isa = PBXGroup;
			children = (
				96CF6B942A557A120059F490 /* Preview Assets.xcassets */,
			);
			path = "Preview Content";
			sourceTree = "<group>";
		};
		96CF6B9D2A557A120059F490 /* Combine_iOSTests */ = {
			isa = PBXGroup;
			children = (
				96CF6B9E2A557A120059F490 /* Combine_iOSTests.swift */,
			);
			path = Combine_iOSTests;
			sourceTree = "<group>";
		};
		96CF6BA72A557A120059F490 /* Combine_iOSUITests */ = {
			isa = PBXGroup;
			children = (
				96CF6BA82A557A120059F490 /* Combine_iOSUITests.swift */,
				96CF6BAA2A557A120059F490 /* Combine_iOSUITestsLaunchTests.swift */,
			);
			path = Combine_iOSUITests;
			sourceTree = "<group>";
		};
		96CF6BB72A557A290059F490 /* Model */ = {
			isa = PBXGroup;
			children = (
				96CF6BB82A557A460059F490 /* Model.swift */,
			);
			path = Model;
			sourceTree = "<group>";
		};
		96CF6BBA2A557B780059F490 /* ViewModel */ = {
			isa = PBXGroup;
			children = (
				96CF6BBB2A557B890059F490 /* ViewModel.swift */,
			);
			path = ViewModel;
			sourceTree = "<group>";
		};
		96CF6BBD2A557FF90059F490 /* Views */ = {
			isa = PBXGroup;
			children = (
				96CF6B8F2A557A110059F490 /* ContentView.swift */,
				96CF6BBE2A5580100059F490 /* ArtworkView.swift */,
				96CF6BC02A5580FF0059F490 /* ArtworkDetailView.swift */,
			);
			path = Views;
			sourceTree = "<group>";
		};
/* End PBXGroup section */

/* Begin PBXNativeTarget section */
		96CF6B892A557A110059F490 /* Combine_iOS */ = {
			isa = PBXNativeTarget;
			buildConfigurationList = 96CF6BAE2A557A120059F490 /* Build configuration list for PBXNativeTarget "Combine_iOS" */;
			buildPhases = (
				96CF6B862A557A110059F490 /* Sources */,
				96CF6B872A557A110059F490 /* Frameworks */,
				96CF6B882A557A110059F490 /* Resources */,
			);
			buildRules = (
			);
			dependencies = (
			);
			name = Combine_iOS;
			productName = Combine_iOS;
			productReference = 96CF6B8A2A557A110059F490 /* Combine_iOS.app */;
			productType = "com.apple.product-type.application";
		};
		96CF6B992A557A120059F490 /* Combine_iOSTests */ = {
			isa = PBXNativeTarget;
			buildConfigurationList = 96CF6BB12A557A120059F490 /* Build configuration list for PBXNativeTarget "Combine_iOSTests" */;
			buildPhases = (
				96CF6B962A557A120059F490 /* Sources */,
				96CF6B972A557A120059F490 /* Frameworks */,
				96CF6B982A557A120059F490 /* Resources */,
			);
			buildRules = (
			);
			dependencies = (
				96CF6B9C2A557A120059F490 /* PBXTargetDependency */,
			);
			name = Combine_iOSTests;
			productName = Combine_iOSTests;
			productReference = 96CF6B9A2A557A120059F490 /* Combine_iOSTests.xctest */;
			productType = "com.apple.product-type.bundle.unit-test";
		};
		96CF6BA32A557A120059F490 /* Combine_iOSUITests */ = {
			isa = PBXNativeTarget;
			buildConfigurationList = 96CF6BB42A557A120059F490 /* Build configuration list for PBXNativeTarget "Combine_iOSUITests" */;
			buildPhases = (
				96CF6BA02A557A120059F490 /* Sources */,
				96CF6BA12A557A120059F490 /* Frameworks */,
				96CF6BA22A557A120059F490 /* Resources */,
			);
			buildRules = (
			);
			dependencies = (
				96CF6BA62A557A120059F490 /* PBXTargetDependency */,
			);
			name = Combine_iOSUITests;
			productName = Combine_iOSUITests;
			productReference = 96CF6BA42A557A120059F490 /* Combine_iOSUITests.xctest */;
			productType = "com.apple.product-type.bundle.ui-testing";
		};
/* End PBXNativeTarget section */

/* Begin PBXProject section */
		96CF6B822A557A110059F490 /* Project object */ = {
			isa = PBXProject;
			attributes = {
				BuildIndependentTargetsInParallel = 1;
				LastSwiftUpdateCheck = 1410;
				LastUpgradeCheck = 1410;
				TargetAttributes = {
					96CF6B892A557A110059F490 = {
						CreatedOnToolsVersion = 14.1;
					};
					96CF6B992A557A120059F490 = {
						CreatedOnToolsVersion = 14.1;
						TestTargetID = 96CF6B892A557A110059F490;
					};
					96CF6BA32A557A120059F490 = {
						CreatedOnToolsVersion = 14.1;
						TestTargetID = 96CF6B892A557A110059F490;
					};
				};
			};
			buildConfigurationList = 96CF6B852A557A110059F490 /* Build configuration list for PBXProject "Combine_iOS" */;
			compatibilityVersion = "Xcode 14.0";
			developmentRegion = en;
			hasScannedForEncodings = 0;
			knownRegions = (
				en,
				Base,
			);
			mainGroup = 96CF6B812A557A110059F490;
			productRefGroup = 96CF6B8B2A557A110059F490 /* Products */;
			projectDirPath = "";
			projectRoot = "";
			targets = (
				96CF6B892A557A110059F490 /* Combine_iOS */,
				96CF6B992A557A120059F490 /* Combine_iOSTests */,
				96CF6BA32A557A120059F490 /* Combine_iOSUITests */,
			);
		};
/* End PBXProject section */

/* Begin PBXResourcesBuildPhase section */
		96CF6B882A557A110059F490 /* Resources */ = {
			isa = PBXResourcesBuildPhase;
			buildActionMask = 2147483647;
			files = (
				96CF6B952A557A120059F490 /* Preview Assets.xcassets in Resources */,
				96CF6B922A557A120059F490 /* Assets.xcassets in Resources */,
			);
			runOnlyForDeploymentPostprocessing = 0;
		};
		96CF6B982A557A120059F490 /* Resources */ = {
			isa = PBXResourcesBuildPhase;
			buildActionMask = 2147483647;
			files = (
			);
			runOnlyForDeploymentPostprocessing = 0;
		};
		96CF6BA22A557A120059F490 /* Resources */ = {
			isa = PBXResourcesBuildPhase;
			buildActionMask = 2147483647;
			files = (
			);
			runOnlyForDeploymentPostprocessing = 0;
		};
/* End PBXResourcesBuildPhase section */

/* Begin PBXSourcesBuildPhase section */
		96CF6B862A557A110059F490 /* Sources */ = {
			isa = PBXSourcesBuildPhase;
			buildActionMask = 2147483647;
			files = (
				96CF6BB92A557A460059F490 /* Model.swift in Sources */,
				96CF6BBF2A5580100059F490 /* ArtworkView.swift in Sources */,
				96CF6B902A557A110059F490 /* ContentView.swift in Sources */,
				96CF6BBC2A557B890059F490 /* ViewModel.swift in Sources */,
				96CF6BC12A5580FF0059F490 /* ArtworkDetailView.swift in Sources */,
				96CF6B8E2A557A110059F490 /* Combine_iOSApp.swift in Sources */,
			);
			runOnlyForDeploymentPostprocessing = 0;
		};
		96CF6B962A557A120059F490 /* Sources */ = {
			isa = PBXSourcesBuildPhase;
			buildActionMask = 2147483647;
			files = (
				96CF6B9F2A557A120059F490 /* Combine_iOSTests.swift in Sources */,
			);
			runOnlyForDeploymentPostprocessing = 0;
		};
		96CF6BA02A557A120059F490 /* Sources */ = {
			isa = PBXSourcesBuildPhase;
			buildActionMask = 2147483647;
			files = (
				96CF6BAB2A557A120059F490 /* Combine_iOSUITestsLaunchTests.swift in Sources */,
				96CF6BA92A557A120059F490 /* Combine_iOSUITests.swift in Sources */,
			);
			runOnlyForDeploymentPostprocessing = 0;
		};
/* End PBXSourcesBuildPhase section */

/* Begin PBXTargetDependency section */
		96CF6B9C2A557A120059F490 /* PBXTargetDependency */ = {
			isa = PBXTargetDependency;
			target = 96CF6B892A557A110059F490 /* Combine_iOS */;
			targetProxy = 96CF6B9B2A557A120059F490 /* PBXContainerItemProxy */;
		};
		96CF6BA62A557A120059F490 /* PBXTargetDependency */ = {
			isa = PBXTargetDependency;
			target = 96CF6B892A557A110059F490 /* Combine_iOS */;
			targetProxy = 96CF6BA52A557A120059F490 /* PBXContainerItemProxy */;
		};
/* End PBXTargetDependency section */

/* Begin XCBuildConfiguration section */
		96CF6BAC2A557A120059F490 /* Debug */ = {
			isa = XCBuildConfiguration;
			buildSettings = {
				ALWAYS_SEARCH_USER_PATHS = NO;
				CLANG_ANALYZER_NONNULL = YES;
				CLANG_ANALYZER_NUMBER_OBJECT_CONVERSION = YES_AGGRESSIVE;
				CLANG_CXX_LANGUAGE_STANDARD = "gnu++20";
				CLANG_ENABLE_MODULES = YES;
				CLANG_ENABLE_OBJC_ARC = YES;
				CLANG_ENABLE_OBJC_WEAK = YES;
				CLANG_WARN_BLOCK_CAPTURE_AUTORELEASING = YES;
				CLANG_WARN_BOOL_CONVERSION = YES;
				CLANG_WARN_COMMA = YES;
				CLANG_WARN_CONSTANT_CONVERSION = YES;
				CLANG_WARN_DEPRECATED_OBJC_IMPLEMENTATIONS = YES;
				CLANG_WARN_DIRECT_OBJC_ISA_USAGE = YES_ERROR;
				CLANG_WARN_DOCUMENTATION_COMMENTS = YES;
				CLANG_WARN_EMPTY_BODY = YES;
				CLANG_WARN_ENUM_CONVERSION = YES;
				CLANG_WARN_INFINITE_RECURSION = YES;
				CLANG_WARN_INT_CONVERSION = YES;
				CLANG_WARN_NON_LITERAL_NULL_CONVERSION = YES;
				CLANG_WARN_OBJC_IMPLICIT_RETAIN_SELF = YES;
				CLANG_WARN_OBJC_LITERAL_CONVERSION = YES;
				CLANG_WARN_OBJC_ROOT_CLASS = YES_ERROR;
				CLANG_WARN_QUOTED_INCLUDE_IN_FRAMEWORK_HEADER = YES;
				CLANG_WARN_RANGE_LOOP_ANALYSIS = YES;
				CLANG_WARN_STRICT_PROTOTYPES = YES;
				CLANG_WARN_SUSPICIOUS_MOVE = YES;
				CLANG_WARN_UNGUARDED_AVAILABILITY = YES_AGGRESSIVE;
				CLANG_WARN_UNREACHABLE_CODE = YES;
				CLANG_WARN__DUPLICATE_METHOD_MATCH = YES;
				COPY_PHASE_STRIP = NO;
				DEBUG_INFORMATION_FORMAT = dwarf;
				ENABLE_STRICT_OBJC_MSGSEND = YES;
				ENABLE_TESTABILITY = YES;
				GCC_C_LANGUAGE_STANDARD = gnu11;
				GCC_DYNAMIC_NO_PIC = NO;
				GCC_NO_COMMON_BLOCKS = YES;
				GCC_OPTIMIZATION_LEVEL = 0;
				GCC_PREPROCESSOR_DEFINITIONS = (
					"DEBUG=1",
					"$(inherited)",
				);
				GCC_WARN_64_TO_32_BIT_CONVERSION = YES;
				GCC_WARN_ABOUT_RETURN_TYPE = YES_ERROR;
				GCC_WARN_UNDECLARED_SELECTOR = YES;
				GCC_WARN_UNINITIALIZED_AUTOS = YES_AGGRESSIVE;
				GCC_WARN_UNUSED_FUNCTION = YES;
				GCC_WARN_UNUSED_VARIABLE = YES;
				IPHONEOS_DEPLOYMENT_TARGET = 16.1;
				MTL_ENABLE_DEBUG_INFO = INCLUDE_SOURCE;
				MTL_FAST_MATH = YES;
				ONLY_ACTIVE_ARCH = YES;
				SDKROOT = iphoneos;
				SWIFT_ACTIVE_COMPILATION_CONDITIONS = DEBUG;
				SWIFT_OPTIMIZATION_LEVEL = "-Onone";
			};
			name = Debug;
		};
		96CF6BAD2A557A120059F490 /* Release */ = {
			isa = XCBuildConfiguration;
			buildSettings = {
				ALWAYS_SEARCH_USER_PATHS = NO;
				CLANG_ANALYZER_NONNULL = YES;
				CLANG_ANALYZER_NUMBER_OBJECT_CONVERSION = YES_AGGRESSIVE;
				CLANG_CXX_LANGUAGE_STANDARD = "gnu++20";
				CLANG_ENABLE_MODULES = YES;
				CLANG_ENABLE_OBJC_ARC = YES;
				CLANG_ENABLE_OBJC_WEAK = YES;
				CLANG_WARN_BLOCK_CAPTURE_AUTORELEASING = YES;
				CLANG_WARN_BOOL_CONVERSION = YES;
				CLANG_WARN_COMMA = YES;
				CLANG_WARN_CONSTANT_CONVERSION = YES;
				CLANG_WARN_DEPRECATED_OBJC_IMPLEMENTATIONS = YES;
				CLANG_WARN_DIRECT_OBJC_ISA_USAGE = YES_ERROR;
				CLANG_WARN_DOCUMENTATION_COMMENTS = YES;
				CLANG_WARN_EMPTY_BODY = YES;
				CLANG_WARN_ENUM_CONVERSION = YES;
				CLANG_WARN_INFINITE_RECURSION = YES;
				CLANG_WARN_INT_CONVERSION = YES;
				CLANG_WARN_NON_LITERAL_NULL_CONVERSION = YES;
				CLANG_WARN_OBJC_IMPLICIT_RETAIN_SELF = YES;
				CLANG_WARN_OBJC_LITERAL_CONVERSION = YES;
				CLANG_WARN_OBJC_ROOT_CLASS = YES_ERROR;
				CLANG_WARN_QUOTED_INCLUDE_IN_FRAMEWORK_HEADER = YES;
				CLANG_WARN_RANGE_LOOP_ANALYSIS = YES;
				CLANG_WARN_STRICT_PROTOTYPES = YES;
				CLANG_WARN_SUSPICIOUS_MOVE = YES;
				CLANG_WARN_UNGUARDED_AVAILABILITY = YES_AGGRESSIVE;
				CLANG_WARN_UNREACHABLE_CODE = YES;
				CLANG_WARN__DUPLICATE_METHOD_MATCH = YES;
				COPY_PHASE_STRIP = NO;
				DEBUG_INFORMATION_FORMAT = "dwarf-with-dsym";
				ENABLE_NS_ASSERTIONS = NO;
				ENABLE_STRICT_OBJC_MSGSEND = YES;
				GCC_C_LANGUAGE_STANDARD = gnu11;
				GCC_NO_COMMON_BLOCKS = YES;
				GCC_WARN_64_TO_32_BIT_CONVERSION = YES;
				GCC_WARN_ABOUT_RETURN_TYPE = YES_ERROR;
				GCC_WARN_UNDECLARED_SELECTOR = YES;
				GCC_WARN_UNINITIALIZED_AUTOS = YES_AGGRESSIVE;
				GCC_WARN_UNUSED_FUNCTION = YES;
				GCC_WARN_UNUSED_VARIABLE = YES;
				IPHONEOS_DEPLOYMENT_TARGET = 16.1;
				MTL_ENABLE_DEBUG_INFO = NO;
				MTL_FAST_MATH = YES;
				SDKROOT = iphoneos;
				SWIFT_COMPILATION_MODE = wholemodule;
				SWIFT_OPTIMIZATION_LEVEL = "-O";
				VALIDATE_PRODUCT = YES;
			};
			name = Release;
		};
		96CF6BAF2A557A120059F490 /* Debug */ = {
			isa = XCBuildConfiguration;
			buildSettings = {
				ASSETCATALOG_COMPILER_APPICON_NAME = AppIcon;
				ASSETCATALOG_COMPILER_GLOBAL_ACCENT_COLOR_NAME = AccentColor;
				CODE_SIGN_STYLE = Automatic;
				CURRENT_PROJECT_VERSION = 1;
				DEVELOPMENT_ASSET_PATHS = "\"Combine_iOS/Preview Content\"";
				ENABLE_PREVIEWS = YES;
				GENERATE_INFOPLIST_FILE = YES;
				INFOPLIST_KEY_UIApplicationSceneManifest_Generation = YES;
				INFOPLIST_KEY_UIApplicationSupportsIndirectInputEvents = YES;
				INFOPLIST_KEY_UILaunchScreen_Generation = YES;
				INFOPLIST_KEY_UISupportedInterfaceOrientations_iPad = "UIInterfaceOrientationPortrait UIInterfaceOrientationPortraitUpsideDown UIInterfaceOrientationLandscapeLeft UIInterfaceOrientationLandscapeRight";
				INFOPLIST_KEY_UISupportedInterfaceOrientations_iPhone = "UIInterfaceOrientationPortrait UIInterfaceOrientationLandscapeLeft UIInterfaceOrientationLandscapeRight";
				LD_RUNPATH_SEARCH_PATHS = (
					"$(inherited)",
					"@executable_path/Frameworks",
				);
				MARKETING_VERSION = 1.0;
				PRODUCT_BUNDLE_IDENTIFIER = "com.app.Combine-iOS";
				PRODUCT_NAME = "$(TARGET_NAME)";
				SWIFT_EMIT_LOC_STRINGS = YES;
				SWIFT_VERSION = 5.0;
				TARGETED_DEVICE_FAMILY = "1,2";
			};
			name = Debug;
		};
		96CF6BB02A557A120059F490 /* Release */ = {
			isa = XCBuildConfiguration;
			buildSettings = {
				ASSETCATALOG_COMPILER_APPICON_NAME = AppIcon;
				ASSETCATALOG_COMPILER_GLOBAL_ACCENT_COLOR_NAME = AccentColor;
				CODE_SIGN_STYLE = Automatic;
				CURRENT_PROJECT_VERSION = 1;
				DEVELOPMENT_ASSET_PATHS = "\"Combine_iOS/Preview Content\"";
				ENABLE_PREVIEWS = YES;
				GENERATE_INFOPLIST_FILE = YES;
				INFOPLIST_KEY_UIApplicationSceneManifest_Generation = YES;
				INFOPLIST_KEY_UIApplicationSupportsIndirectInputEvents = YES;
				INFOPLIST_KEY_UILaunchScreen_Generation = YES;
				INFOPLIST_KEY_UISupportedInterfaceOrientations_iPad = "UIInterfaceOrientationPortrait UIInterfaceOrientationPortraitUpsideDown UIInterfaceOrientationLandscapeLeft UIInterfaceOrientationLandscapeRight";
				INFOPLIST_KEY_UISupportedInterfaceOrientations_iPhone = "UIInterfaceOrientationPortrait UIInterfaceOrientationLandscapeLeft UIInterfaceOrientationLandscapeRight";
				LD_RUNPATH_SEARCH_PATHS = (
					"$(inherited)",
					"@executable_path/Frameworks",
				);
				MARKETING_VERSION = 1.0;
				PRODUCT_BUNDLE_IDENTIFIER = "com.app.Combine-iOS";
				PRODUCT_NAME = "$(TARGET_NAME)";
				SWIFT_EMIT_LOC_STRINGS = YES;
				SWIFT_VERSION = 5.0;
				TARGETED_DEVICE_FAMILY = "1,2";
			};
			name = Release;
		};
		96CF6BB22A557A120059F490 /* Debug */ = {
			isa = XCBuildConfiguration;
			buildSettings = {
				ALWAYS_EMBED_SWIFT_STANDARD_LIBRARIES = YES;
				BUNDLE_LOADER = "$(TEST_HOST)";
				CODE_SIGN_STYLE = Automatic;
				CURRENT_PROJECT_VERSION = 1;
				GENERATE_INFOPLIST_FILE = YES;
				IPHONEOS_DEPLOYMENT_TARGET = 16.1;
				MARKETING_VERSION = 1.0;
				PRODUCT_BUNDLE_IDENTIFIER = "com.app.Combine-iOSTests";
				PRODUCT_NAME = "$(TARGET_NAME)";
				SWIFT_EMIT_LOC_STRINGS = NO;
				SWIFT_VERSION = 5.0;
				TARGETED_DEVICE_FAMILY = "1,2";
				TEST_HOST = "$(BUILT_PRODUCTS_DIR)/Combine_iOS.app/$(BUNDLE_EXECUTABLE_FOLDER_PATH)/Combine_iOS";
			};
			name = Debug;
		};
		96CF6BB32A557A120059F490 /* Release */ = {
			isa = XCBuildConfiguration;
			buildSettings = {
				ALWAYS_EMBED_SWIFT_STANDARD_LIBRARIES = YES;
				BUNDLE_LOADER = "$(TEST_HOST)";
				CODE_SIGN_STYLE = Automatic;
				CURRENT_PROJECT_VERSION = 1;
				GENERATE_INFOPLIST_FILE = YES;
				IPHONEOS_DEPLOYMENT_TARGET = 16.1;
				MARKETING_VERSION = 1.0;
				PRODUCT_BUNDLE_IDENTIFIER = "com.app.Combine-iOSTests";
				PRODUCT_NAME = "$(TARGET_NAME)";
				SWIFT_EMIT_LOC_STRINGS = NO;
				SWIFT_VERSION = 5.0;
				TARGETED_DEVICE_FAMILY = "1,2";
				TEST_HOST = "$(BUILT_PRODUCTS_DIR)/Combine_iOS.app/$(BUNDLE_EXECUTABLE_FOLDER_PATH)/Combine_iOS";
			};
			name = Release;
		};
		96CF6BB52A557A120059F490 /* Debug */ = {
			isa = XCBuildConfiguration;
			buildSettings = {
				ALWAYS_EMBED_SWIFT_STANDARD_LIBRARIES = YES;
				CODE_SIGN_STYLE = Automatic;
				CURRENT_PROJECT_VERSION = 1;
				GENERATE_INFOPLIST_FILE = YES;
				MARKETING_VERSION = 1.0;
				PRODUCT_BUNDLE_IDENTIFIER = "com.app.Combine-iOSUITests";
				PRODUCT_NAME = "$(TARGET_NAME)";
				SWIFT_EMIT_LOC_STRINGS = NO;
				SWIFT_VERSION = 5.0;
				TARGETED_DEVICE_FAMILY = "1,2";
				TEST_TARGET_NAME = Combine_iOS;
			};
			name = Debug;
		};
		96CF6BB62A557A120059F490 /* Release */ = {
			isa = XCBuildConfiguration;
			buildSettings = {
				ALWAYS_EMBED_SWIFT_STANDARD_LIBRARIES = YES;
				CODE_SIGN_STYLE = Automatic;
				CURRENT_PROJECT_VERSION = 1;
				GENERATE_INFOPLIST_FILE = YES;
				MARKETING_VERSION = 1.0;
				PRODUCT_BUNDLE_IDENTIFIER = "com.app.Combine-iOSUITests";
				PRODUCT_NAME = "$(TARGET_NAME)";
				SWIFT_EMIT_LOC_STRINGS = NO;
				SWIFT_VERSION = 5.0;
				TARGETED_DEVICE_FAMILY = "1,2";
				TEST_TARGET_NAME = Combine_iOS;
			};
			name = Release;
		};
/* End XCBuildConfiguration section */

/* Begin XCConfigurationList section */
		96CF6B852A557A110059F490 /* Build configuration list for PBXProject "Combine_iOS" */ = {
			isa = XCConfigurationList;
			buildConfigurations = (
				96CF6BAC2A557A120059F490 /* Debug */,
				96CF6BAD2A557A120059F490 /* Release */,
			);
			defaultConfigurationIsVisible = 0;
			defaultConfigurationName = Release;
		};
		96CF6BAE2A557A120059F490 /* Build configuration list for PBXNativeTarget "Combine_iOS" */ = {
			isa = XCConfigurationList;
			buildConfigurations = (
				96CF6BAF2A557A120059F490 /* Debug */,
				96CF6BB02A557A120059F490 /* Release */,
			);
			defaultConfigurationIsVisible = 0;
			defaultConfigurationName = Release;
		};
		96CF6BB12A557A120059F490 /* Build configuration list for PBXNativeTarget "Combine_iOSTests" */ = {
			isa = XCConfigurationList;
			buildConfigurations = (
				96CF6BB22A557A120059F490 /* Debug */,
				96CF6BB32A557A120059F490 /* Release */,
			);
			defaultConfigurationIsVisible = 0;
			defaultConfigurationName = Release;
		};
		96CF6BB42A557A120059F490 /* Build configuration list for PBXNativeTarget "Combine_iOSUITests" */ = {
			isa = XCConfigurationList;
			buildConfigurations = (
				96CF6BB52A557A120059F490 /* Debug */,
				96CF6BB62A557A120059F490 /* Release */,
			);
			defaultConfigurationIsVisible = 0;
			defaultConfigurationName = Release;
		};
/* End XCConfigurationList section */
	};
	rootObject = 96CF6B822A557A110059F490 /* Project object */;
}
